
Microsoft Visual Studio Solution File, Format Version 12.00
# Visual Studio Version 17
VisualStudioVersion = 17.0.32014.148
MinimumVisualStudioVersion = 10.0.40219.1
Project("{FAE04EC0-301F-11D3-BF4B-00C04F79EFBC}") = "WebAPI", "WebAPI\WebAPI.csproj", "{AE2311D1-3694-4761-AA6C-0AA4A12B7011}"
EndProject
Global
	GlobalSection(SolutionConfigurationPlatforms) = preSolution
		Debug|Any CPU = Debug|Any CPU
		Release|Any CPU = Release|Any CPU
	EndGlobalSection
	GlobalSection(ProjectConfigurationPlatforms) = postSolution
		{AE2311D1-3694-4761-AA6C-0AA4A12B7011}.Debug|Any CPU.ActiveCfg = Debug|Any CPU
		{AE2311D1-3694-4761-AA6C-0AA4A12B7011}.Debug|Any CPU.Build.0 = Debug|Any CPU
		{AE2311D1-3694-4761-AA6C-0AA4A12B7011}.Release|Any CPU.ActiveCfg = Release|Any CPU
		{AE2311D1-3694-4761-AA6C-0AA4A12B7011}.Release|Any CPU.Build.0 = Release|Any CPU
	EndGlobalSection
	GlobalSection(SolutionProperties) = preSolution
		HideSolutionNode = FALSE
	EndGlobalSection
	GlobalSection(ExtensibilityGlobals) = postSolution
		SolutionGuid = {3284B93D-D661-4938-B72A-6CF5B3C11889}
	EndGlobalSection
EndGlobal
